
Microsoft Visual Studio Solution File, Format Version 12.00
# Visual Studio 15
VisualStudioVersion = 15.0.27703.2026
MinimumVisualStudioVersion = 10.0.40219.1
Project("{8BC9CEB8-8B4A-11D0-8D11-00A0C91BC942}") = "T7Q6b", "T7Q6b\T7Q6b.vcxproj", "{270D0079-A6AD-4C66-A540-B0BCBC739DA6}"
EndProject
Global
	GlobalSection(SolutionConfigurationPlatforms) = preSolution
		Debug|x64 = Debug|x64
		Debug|x86 = Debug|x86
		Release|x64 = Release|x64
		Release|x86 = Release|x86
	EndGlobalSection
	GlobalSection(ProjectConfigurationPlatforms) = postSolution
		{270D0079-A6AD-4C66-A540-B0BCBC739DA6}.Debug|x64.ActiveCfg = Debug|x64
		{270D0079-A6AD-4C66-A540-B0BCBC739DA6}.Debug|x64.Build.0 = Debug|x64
		{270D0079-A6AD-4C66-A540-B0BCBC739DA6}.Debug|x86.ActiveCfg = Debug|Win32
		{270D0079-A6AD-4C66-A540-B0BCBC739DA6}.Debug|x86.Build.0 = Debug|Win32
		{270D0079-A6AD-4C66-A540-B0BCBC739DA6}.Release|x64.ActiveCfg = Release|x64
		{270D0079-A6AD-4C66-A540-B0BCBC739DA6}.Release|x64.Build.0 = Release|x64
		{270D0079-A6AD-4C66-A540-B0BCBC739DA6}.Release|x86.ActiveCfg = Release|Win32
		{270D0079-A6AD-4C66-A540-B0BCBC739DA6}.Release|x86.Build.0 = Release|Win32
	EndGlobalSection
	GlobalSection(SolutionProperties) = preSolution
		HideSolutionNode = FALSE
	EndGlobalSection
	GlobalSection(ExtensibilityGlobals) = postSolution
		SolutionGuid = {D231D520-F622-47BF-8383-0875524A53E0}
	EndGlobalSection
EndGlobal
