
Microsoft Visual Studio Solution File, Format Version 12.00
# Visual Studio 15
VisualStudioVersion = 15.0.27703.2026
MinimumVisualStudioVersion = 10.0.40219.1
Project("{8BC9CEB8-8B4A-11D0-8D11-00A0C91BC942}") = "P7CQ4", "P7CQ4\P7CQ4.vcxproj", "{5F13502B-A865-4699-92A6-4CE91A077392}"
EndProject
Global
	GlobalSection(SolutionConfigurationPlatforms) = preSolution
		Debug|x64 = Debug|x64
		Debug|x86 = Debug|x86
		Release|x64 = Release|x64
		Release|x86 = Release|x86
	EndGlobalSection
	GlobalSection(ProjectConfigurationPlatforms) = postSolution
		{5F13502B-A865-4699-92A6-4CE91A077392}.Debug|x64.ActiveCfg = Debug|x64
		{5F13502B-A865-4699-92A6-4CE91A077392}.Debug|x64.Build.0 = Debug|x64
		{5F13502B-A865-4699-92A6-4CE91A077392}.Debug|x86.ActiveCfg = Debug|Win32
		{5F13502B-A865-4699-92A6-4CE91A077392}.Debug|x86.Build.0 = Debug|Win32
		{5F13502B-A865-4699-92A6-4CE91A077392}.Release|x64.ActiveCfg = Release|x64
		{5F13502B-A865-4699-92A6-4CE91A077392}.Release|x64.Build.0 = Release|x64
		{5F13502B-A865-4699-92A6-4CE91A077392}.Release|x86.ActiveCfg = Release|Win32
		{5F13502B-A865-4699-92A6-4CE91A077392}.Release|x86.Build.0 = Release|Win32
	EndGlobalSection
	GlobalSection(SolutionProperties) = preSolution
		HideSolutionNode = FALSE
	EndGlobalSection
	GlobalSection(ExtensibilityGlobals) = postSolution
		SolutionGuid = {F4798868-86A5-41B1-9A34-BA47C32E81E3}
	EndGlobalSection
EndGlobal
