
Microsoft Visual Studio Solution File, Format Version 12.00
# Visual Studio 15
VisualStudioVersion = 15.0.27703.2026
MinimumVisualStudioVersion = 10.0.40219.1
Project("{8BC9CEB8-8B4A-11D0-8D11-00A0C91BC942}") = "P10Q9", "P10Q9\P10Q9.vcxproj", "{344CE545-C6DB-4CEF-A13B-779BB955B451}"
EndProject
Global
	GlobalSection(SolutionConfigurationPlatforms) = preSolution
		Debug|x64 = Debug|x64
		Debug|x86 = Debug|x86
		Release|x64 = Release|x64
		Release|x86 = Release|x86
	EndGlobalSection
	GlobalSection(ProjectConfigurationPlatforms) = postSolution
		{344CE545-C6DB-4CEF-A13B-779BB955B451}.Debug|x64.ActiveCfg = Debug|x64
		{344CE545-C6DB-4CEF-A13B-779BB955B451}.Debug|x64.Build.0 = Debug|x64
		{344CE545-C6DB-4CEF-A13B-779BB955B451}.Debug|x86.ActiveCfg = Debug|Win32
		{344CE545-C6DB-4CEF-A13B-779BB955B451}.Debug|x86.Build.0 = Debug|Win32
		{344CE545-C6DB-4CEF-A13B-779BB955B451}.Release|x64.ActiveCfg = Release|x64
		{344CE545-C6DB-4CEF-A13B-779BB955B451}.Release|x64.Build.0 = Release|x64
		{344CE545-C6DB-4CEF-A13B-779BB955B451}.Release|x86.ActiveCfg = Release|Win32
		{344CE545-C6DB-4CEF-A13B-779BB955B451}.Release|x86.Build.0 = Release|Win32
	EndGlobalSection
	GlobalSection(SolutionProperties) = preSolution
		HideSolutionNode = FALSE
	EndGlobalSection
	GlobalSection(ExtensibilityGlobals) = postSolution
		SolutionGuid = {D36FBD65-CAAD-4D50-9787-512A1DA9B16D}
	EndGlobalSection
EndGlobal
